// !$*UTF8*$!
{
	archiveVersion = 1;
	classes = {
	};
	objectVersion = 46;
	objects = {

/* Begin PBXBuildFile section */
		7C0CBC3F1EA6FE99003A6858 /* button_back.png in Resources */ = {isa = PBXBuildFile; fileRef = 7C0CBC3E1EA6FE99003A6858 /* button_back.png */; };
		7C1691141E9C36AA00017CE4 /* AudioKit.framework in Frameworks */ = {isa = PBXBuildFile; fileRef = 7C1691131E9C36AA00017CE4 /* AudioKit.framework */; };
		7C1691151E9C36AA00017CE4 /* AudioKit.framework in Embed Frameworks */ = {isa = PBXBuildFile; fileRef = 7C1691131E9C36AA00017CE4 /* AudioKit.framework */; settings = {ATTRIBUTES = (CodeSignOnCopy, RemoveHeadersOnCopy, ); }; };
		7C16911B1E9C493C00017CE4 /* marimba_c.wav in Resources */ = {isa = PBXBuildFile; fileRef = 7C16911A1E9C493C00017CE4 /* marimba_c.wav */; };
		7C21DC0C1E9B2FCA0068A413 /* 808k_a-1.wav in Resources */ = {isa = PBXBuildFile; fileRef = 7C21DBF21E9B2FCA0068A413 /* 808k_a-1.wav */; };
		7C21DC0D1E9B2FCA0068A413 /* 808k_a.wav in Resources */ = {isa = PBXBuildFile; fileRef = 7C21DBF31E9B2FCA0068A413 /* 808k_a.wav */; };
		7C21DC0E1E9B2FCA0068A413 /* 808k_a#-1.wav in Resources */ = {isa = PBXBuildFile; fileRef = 7C21DBF41E9B2FCA0068A413 /* 808k_a#-1.wav */; };
		7C21DC0F1E9B2FCA0068A413 /* 808k_a#.wav in Resources */ = {isa = PBXBuildFile; fileRef = 7C21DBF51E9B2FCA0068A413 /* 808k_a#.wav */; };
		7C21DC101E9B2FCA0068A413 /* 808k_b-1.wav in Resources */ = {isa = PBXBuildFile; fileRef = 7C21DBF61E9B2FCA0068A413 /* 808k_b-1.wav */; };
		7C21DC111E9B2FCA0068A413 /* 808k_b.wav in Resources */ = {isa = PBXBuildFile; fileRef = 7C21DBF71E9B2FCA0068A413 /* 808k_b.wav */; };
		7C21DC121E9B2FCA0068A413 /* 808k_c-1.wav in Resources */ = {isa = PBXBuildFile; fileRef = 7C21DBF81E9B2FCA0068A413 /* 808k_c-1.wav */; };
		7C21DC131E9B2FCA0068A413 /* 808k_c.wav in Resources */ = {isa = PBXBuildFile; fileRef = 7C21DBF91E9B2FCA0068A413 /* 808k_c.wav */; };
		7C21DC141E9B2FCA0068A413 /* 808k_c#-1.wav in Resources */ = {isa = PBXBuildFile; fileRef = 7C21DBFA1E9B2FCA0068A413 /* 808k_c#-1.wav */; };
		7C21DC151E9B2FCA0068A413 /* 808k_c#.wav in Resources */ = {isa = PBXBuildFile; fileRef = 7C21DBFB1E9B2FCA0068A413 /* 808k_c#.wav */; };
		7C21DC161E9B2FCA0068A413 /* 808k_c+1.wav in Resources */ = {isa = PBXBuildFile; fileRef = 7C21DBFC1E9B2FCA0068A413 /* 808k_c+1.wav */; };
		7C21DC171E9B2FCA0068A413 /* 808k_d-1.wav in Resources */ = {isa = PBXBuildFile; fileRef = 7C21DBFD1E9B2FCA0068A413 /* 808k_d-1.wav */; };
		7C21DC181E9B2FCA0068A413 /* 808k_d.wav in Resources */ = {isa = PBXBuildFile; fileRef = 7C21DBFE1E9B2FCA0068A413 /* 808k_d.wav */; };
		7C21DC191E9B2FCA0068A413 /* 808k_d#-1.wav in Resources */ = {isa = PBXBuildFile; fileRef = 7C21DBFF1E9B2FCA0068A413 /* 808k_d#-1.wav */; };
		7C21DC1A1E9B2FCA0068A413 /* 808k_d#.wav in Resources */ = {isa = PBXBuildFile; fileRef = 7C21DC001E9B2FCA0068A413 /* 808k_d#.wav */; };
		7C21DC1B1E9B2FCA0068A413 /* 808k_e-1.wav in Resources */ = {isa = PBXBuildFile; fileRef = 7C21DC011E9B2FCA0068A413 /* 808k_e-1.wav */; };
		7C21DC1C1E9B2FCA0068A413 /* 808k_e.wav in Resources */ = {isa = PBXBuildFile; fileRef = 7C21DC021E9B2FCA0068A413 /* 808k_e.wav */; };
		7C21DC1D1E9B2FCA0068A413 /* 808k_f-1.wav in Resources */ = {isa = PBXBuildFile; fileRef = 7C21DC031E9B2FCA0068A413 /* 808k_f-1.wav */; };
		7C21DC1E1E9B2FCA0068A413 /* 808k_f.wav in Resources */ = {isa = PBXBuildFile; fileRef = 7C21DC041E9B2FCA0068A413 /* 808k_f.wav */; };
		7C21DC1F1E9B2FCA0068A413 /* 808k_f#-1.wav in Resources */ = {isa = PBXBuildFile; fileRef = 7C21DC051E9B2FCA0068A413 /* 808k_f#-1.wav */; };
		7C21DC201E9B2FCA0068A413 /* 808k_f#.wav in Resources */ = {isa = PBXBuildFile; fileRef = 7C21DC061E9B2FCA0068A413 /* 808k_f#.wav */; };
		7C21DC211E9B2FCA0068A413 /* 808k_g-1.wav in Resources */ = {isa = PBXBuildFile; fileRef = 7C21DC071E9B2FCA0068A413 /* 808k_g-1.wav */; };
		7C21DC221E9B2FCA0068A413 /* 808k_g.wav in Resources */ = {isa = PBXBuildFile; fileRef = 7C21DC081E9B2FCA0068A413 /* 808k_g.wav */; };
		7C21DC231E9B2FCA0068A413 /* 808k_g#-1.wav in Resources */ = {isa = PBXBuildFile; fileRef = 7C21DC091E9B2FCA0068A413 /* 808k_g#-1.wav */; };
		7C21DC241E9B2FCA0068A413 /* 808k_g#.wav in Resources */ = {isa = PBXBuildFile; fileRef = 7C21DC0A1E9B2FCA0068A413 /* 808k_g#.wav */; };
		7C21DC281E9BEFD80068A413 /* AVFoundation.framework in Frameworks */ = {isa = PBXBuildFile; fileRef = 7C21DC271E9BEFD80068A413 /* AVFoundation.framework */; };
		7C3C3ED31E99C8FD004C2FB9 /* AppDelegate.swift in Sources */ = {isa = PBXBuildFile; fileRef = 7C3C3ED21E99C8FD004C2FB9 /* AppDelegate.swift */; };
		7C3C3ED81E99C8FD004C2FB9 /* Main.storyboard in Resources */ = {isa = PBXBuildFile; fileRef = 7C3C3ED61E99C8FD004C2FB9 /* Main.storyboard */; };
		7C3C3EDA1E99C8FD004C2FB9 /* Assets.xcassets in Resources */ = {isa = PBXBuildFile; fileRef = 7C3C3ED91E99C8FD004C2FB9 /* Assets.xcassets */; };
		7C3C3EDD1E99C8FD004C2FB9 /* LaunchScreen.storyboard in Resources */ = {isa = PBXBuildFile; fileRef = 7C3C3EDB1E99C8FD004C2FB9 /* LaunchScreen.storyboard */; };
		7C3C3EE81E99CF3C004C2FB9 /* button.png in Resources */ = {isa = PBXBuildFile; fileRef = 7C3C3EE71E99CF3C004C2FB9 /* button.png */; };
		7C3C3EEA1E99D4CF004C2FB9 /* ButtonController.swift in Sources */ = {isa = PBXBuildFile; fileRef = 7C3C3EE91E99D4CF004C2FB9 /* ButtonController.swift */; };
		7C3C3EEE1E99DE16004C2FB9 /* button_g.png in Resources */ = {isa = PBXBuildFile; fileRef = 7C3C3EEB1E99DE16004C2FB9 /* button_g.png */; };
		7C3C3EEF1E99DE16004C2FB9 /* button_r.png in Resources */ = {isa = PBXBuildFile; fileRef = 7C3C3EEC1E99DE16004C2FB9 /* button_r.png */; };
		7C3C3EF01E99DE16004C2FB9 /* button_y.png in Resources */ = {isa = PBXBuildFile; fileRef = 7C3C3EED1E99DE16004C2FB9 /* button_y.png */; };
		7C463D6B1EA1BB15004C4A37 /* Sound.swift in Sources */ = {isa = PBXBuildFile; fileRef = 7C463D6A1EA1BB15004C4A37 /* Sound.swift */; };
		7C463D6F1EA1BD73004C4A37 /* KeyboardController.swift in Sources */ = {isa = PBXBuildFile; fileRef = 7C463D6E1EA1BD73004C4A37 /* KeyboardController.swift */; };
/* End PBXBuildFile section */

/* Begin PBXCopyFilesBuildPhase section */
		7C1691161E9C36AA00017CE4 /* Embed Frameworks */ = {
			isa = PBXCopyFilesBuildPhase;
			buildActionMask = 2147483647;
			dstPath = "";
			dstSubfolderSpec = 10;
			files = (
				7C1691151E9C36AA00017CE4 /* AudioKit.framework in Embed Frameworks */,
			);
			name = "Embed Frameworks";
			runOnlyForDeploymentPostprocessing = 0;
		};
/* End PBXCopyFilesBuildPhase section */

/* Begin PBXFileReference section */
		7C0CBC3E1EA6FE99003A6858 /* button_back.png */ = {isa = PBXFileReference; lastKnownFileType = image.png; name = button_back.png; path = images/button_back.png; sourceTree = "<group>"; };
		7C1691131E9C36AA00017CE4 /* AudioKit.framework */ = {isa = PBXFileReference; lastKnownFileType = wrapper.framework; name = AudioKit.framework; path = CarlokoZSounds/AudioKit.framework; sourceTree = "<group>"; };
		7C16911A1E9C493C00017CE4 /* marimba_c.wav */ = {isa = PBXFileReference; lastKnownFileType = audio.wav; name = marimba_c.wav; path = audio/marimba_c.wav; sourceTree = "<group>"; };
		7C21DBF21E9B2FCA0068A413 /* 808k_a-1.wav */ = {isa = PBXFileReference; lastKnownFileType = audio.wav; name = "808k_a-1.wav"; path = "audio/808k_a-1.wav"; sourceTree = "<group>"; };
		7C21DBF31E9B2FCA0068A413 /* 808k_a.wav */ = {isa = PBXFileReference; lastKnownFileType = audio.wav; name = 808k_a.wav; path = audio/808k_a.wav; sourceTree = "<group>"; };
		7C21DBF41E9B2FCA0068A413 /* 808k_a#-1.wav */ = {isa = PBXFileReference; lastKnownFileType = audio.wav; name = "808k_a#-1.wav"; path = "audio/808k_a#-1.wav"; sourceTree = "<group>"; };
		7C21DBF51E9B2FCA0068A413 /* 808k_a#.wav */ = {isa = PBXFileReference; lastKnownFileType = audio.wav; name = "808k_a#.wav"; path = "audio/808k_a#.wav"; sourceTree = "<group>"; };
		7C21DBF61E9B2FCA0068A413 /* 808k_b-1.wav */ = {isa = PBXFileReference; lastKnownFileType = audio.wav; name = "808k_b-1.wav"; path = "audio/808k_b-1.wav"; sourceTree = "<group>"; };
		7C21DBF71E9B2FCA0068A413 /* 808k_b.wav */ = {isa = PBXFileReference; lastKnownFileType = audio.wav; name = 808k_b.wav; path = audio/808k_b.wav; sourceTree = "<group>"; };
		7C21DBF81E9B2FCA0068A413 /* 808k_c-1.wav */ = {isa = PBXFileReference; lastKnownFileType = audio.wav; name = "808k_c-1.wav"; path = "audio/808k_c-1.wav"; sourceTree = "<group>"; };
		7C21DBF91E9B2FCA0068A413 /* 808k_c.wav */ = {isa = PBXFileReference; lastKnownFileType = audio.wav; name = 808k_c.wav; path = audio/808k_c.wav; sourceTree = "<group>"; };
		7C21DBFA1E9B2FCA0068A413 /* 808k_c#-1.wav */ = {isa = PBXFileReference; lastKnownFileType = audio.wav; name = "808k_c#-1.wav"; path = "audio/808k_c#-1.wav"; sourceTree = "<group>"; };
		7C21DBFB1E9B2FCA0068A413 /* 808k_c#.wav */ = {isa = PBXFileReference; lastKnownFileType = audio.wav; name = "808k_c#.wav"; path = "audio/808k_c#.wav"; sourceTree = "<group>"; };
		7C21DBFC1E9B2FCA0068A413 /* 808k_c+1.wav */ = {isa = PBXFileReference; lastKnownFileType = audio.wav; name = "808k_c+1.wav"; path = "audio/808k_c+1.wav"; sourceTree = "<group>"; };
		7C21DBFD1E9B2FCA0068A413 /* 808k_d-1.wav */ = {isa = PBXFileReference; lastKnownFileType = audio.wav; name = "808k_d-1.wav"; path = "audio/808k_d-1.wav"; sourceTree = "<group>"; };
		7C21DBFE1E9B2FCA0068A413 /* 808k_d.wav */ = {isa = PBXFileReference; lastKnownFileType = audio.wav; name = 808k_d.wav; path = audio/808k_d.wav; sourceTree = "<group>"; };
		7C21DBFF1E9B2FCA0068A413 /* 808k_d#-1.wav */ = {isa = PBXFileReference; lastKnownFileType = audio.wav; name = "808k_d#-1.wav"; path = "audio/808k_d#-1.wav"; sourceTree = "<group>"; };
		7C21DC001E9B2FCA0068A413 /* 808k_d#.wav */ = {isa = PBXFileReference; lastKnownFileType = audio.wav; name = "808k_d#.wav"; path = "audio/808k_d#.wav"; sourceTree = "<group>"; };
		7C21DC011E9B2FCA0068A413 /* 808k_e-1.wav */ = {isa = PBXFileReference; lastKnownFileType = audio.wav; name = "808k_e-1.wav"; path = "audio/808k_e-1.wav"; sourceTree = "<group>"; };
		7C21DC021E9B2FCA0068A413 /* 808k_e.wav */ = {isa = PBXFileReference; lastKnownFileType = audio.wav; name = 808k_e.wav; path = audio/808k_e.wav; sourceTree = "<group>"; };
		7C21DC031E9B2FCA0068A413 /* 808k_f-1.wav */ = {isa = PBXFileReference; lastKnownFileType = audio.wav; name = "808k_f-1.wav"; path = "audio/808k_f-1.wav"; sourceTree = "<group>"; };
		7C21DC041E9B2FCA0068A413 /* 808k_f.wav */ = {isa = PBXFileReference; lastKnownFileType = audio.wav; name = 808k_f.wav; path = audio/808k_f.wav; sourceTree = "<group>"; };
		7C21DC051E9B2FCA0068A413 /* 808k_f#-1.wav */ = {isa = PBXFileReference; lastKnownFileType = audio.wav; name = "808k_f#-1.wav"; path = "audio/808k_f#-1.wav"; sourceTree = "<group>"; };
		7C21DC061E9B2FCA0068A413 /* 808k_f#.wav */ = {isa = PBXFileReference; lastKnownFileType = audio.wav; name = "808k_f#.wav"; path = "audio/808k_f#.wav"; sourceTree = "<group>"; };
		7C21DC071E9B2FCA0068A413 /* 808k_g-1.wav */ = {isa = PBXFileReference; lastKnownFileType = audio.wav; name = "808k_g-1.wav"; path = "audio/808k_g-1.wav"; sourceTree = "<group>"; };
		7C21DC081E9B2FCA0068A413 /* 808k_g.wav */ = {isa = PBXFileReference; lastKnownFileType = audio.wav; name = 808k_g.wav; path = audio/808k_g.wav; sourceTree = "<group>"; };
		7C21DC091E9B2FCA0068A413 /* 808k_g#-1.wav */ = {isa = PBXFileReference; lastKnownFileType = audio.wav; name = "808k_g#-1.wav"; path = "audio/808k_g#-1.wav"; sourceTree = "<group>"; };
		7C21DC0A1E9B2FCA0068A413 /* 808k_g#.wav */ = {isa = PBXFileReference; lastKnownFileType = audio.wav; name = "808k_g#.wav"; path = "audio/808k_g#.wav"; sourceTree = "<group>"; };
		7C21DC271E9BEFD80068A413 /* AVFoundation.framework */ = {isa = PBXFileReference; lastKnownFileType = wrapper.framework; name = AVFoundation.framework; path = System/Library/Frameworks/AVFoundation.framework; sourceTree = SDKROOT; };
		7C3C3ECF1E99C8FD004C2FB9 /* CarlokoZSounds.app */ = {isa = PBXFileReference; explicitFileType = wrapper.application; includeInIndex = 0; path = CarlokoZSounds.app; sourceTree = BUILT_PRODUCTS_DIR; };
		7C3C3ED21E99C8FD004C2FB9 /* AppDelegate.swift */ = {isa = PBXFileReference; lastKnownFileType = sourcecode.swift; path = AppDelegate.swift; sourceTree = "<group>"; };
		7C3C3ED71E99C8FD004C2FB9 /* Base */ = {isa = PBXFileReference; lastKnownFileType = file.storyboard; name = Base; path = Base.lproj/Main.storyboard; sourceTree = "<group>"; };
		7C3C3ED91E99C8FD004C2FB9 /* Assets.xcassets */ = {isa = PBXFileReference; lastKnownFileType = folder.assetcatalog; path = Assets.xcassets; sourceTree = "<group>"; };
		7C3C3EDC1E99C8FD004C2FB9 /* Base */ = {isa = PBXFileReference; lastKnownFileType = file.storyboard; name = Base; path = Base.lproj/LaunchScreen.storyboard; sourceTree = "<group>"; };
		7C3C3EDE1E99C8FD004C2FB9 /* Info.plist */ = {isa = PBXFileReference; lastKnownFileType = text.plist.xml; path = Info.plist; sourceTree = "<group>"; };
		7C3C3EE71E99CF3C004C2FB9 /* button.png */ = {isa = PBXFileReference; lastKnownFileType = image.png; name = button.png; path = images/button.png; sourceTree = "<group>"; };
		7C3C3EE91E99D4CF004C2FB9 /* ButtonController.swift */ = {isa = PBXFileReference; fileEncoding = 4; lastKnownFileType = sourcecode.swift; path = ButtonController.swift; sourceTree = "<group>"; };
		7C3C3EEB1E99DE16004C2FB9 /* button_g.png */ = {isa = PBXFileReference; lastKnownFileType = image.png; name = button_g.png; path = images/button_g.png; sourceTree = "<group>"; };
		7C3C3EEC1E99DE16004C2FB9 /* button_r.png */ = {isa = PBXFileReference; lastKnownFileType = image.png; name = button_r.png; path = images/button_r.png; sourceTree = "<group>"; };
		7C3C3EED1E99DE16004C2FB9 /* button_y.png */ = {isa = PBXFileReference; lastKnownFileType = image.png; name = button_y.png; path = images/button_y.png; sourceTree = "<group>"; };
		7C463D6A1EA1BB15004C4A37 /* Sound.swift */ = {isa = PBXFileReference; explicitFileType = sourcecode.swift; fileEncoding = 4; path = Sound.swift; sourceTree = "<group>"; };
		7C463D6E1EA1BD73004C4A37 /* KeyboardController.swift */ = {isa = PBXFileReference; fileEncoding = 4; lastKnownFileType = sourcecode.swift; path = KeyboardController.swift; sourceTree = "<group>"; };
/* End PBXFileReference section */

/* Begin PBXFrameworksBuildPhase section */
		7C3C3ECC1E99C8FD004C2FB9 /* Frameworks */ = {
			isa = PBXFrameworksBuildPhase;
			buildActionMask = 2147483647;
			files = (
				7C1691141E9C36AA00017CE4 /* AudioKit.framework in Frameworks */,
				7C21DC281E9BEFD80068A413 /* AVFoundation.framework in Frameworks */,
			);
			runOnlyForDeploymentPostprocessing = 0;
		};
/* End PBXFrameworksBuildPhase section */

/* Begin PBXGroup section */
		7C21DBF11E9B2E3B0068A413 /* audio */ = {
			isa = PBXGroup;
			children = (
				7C16911A1E9C493C00017CE4 /* marimba_c.wav */,
				7C21DBF21E9B2FCA0068A413 /* 808k_a-1.wav */,
				7C21DBF31E9B2FCA0068A413 /* 808k_a.wav */,
				7C21DBF41E9B2FCA0068A413 /* 808k_a#-1.wav */,
				7C21DBF51E9B2FCA0068A413 /* 808k_a#.wav */,
				7C21DBF61E9B2FCA0068A413 /* 808k_b-1.wav */,
				7C21DBF71E9B2FCA0068A413 /* 808k_b.wav */,
				7C21DBF81E9B2FCA0068A413 /* 808k_c-1.wav */,
				7C21DBF91E9B2FCA0068A413 /* 808k_c.wav */,
				7C21DBFA1E9B2FCA0068A413 /* 808k_c#-1.wav */,
				7C21DBFB1E9B2FCA0068A413 /* 808k_c#.wav */,
				7C21DBFC1E9B2FCA0068A413 /* 808k_c+1.wav */,
				7C21DBFD1E9B2FCA0068A413 /* 808k_d-1.wav */,
				7C21DBFE1E9B2FCA0068A413 /* 808k_d.wav */,
				7C21DBFF1E9B2FCA0068A413 /* 808k_d#-1.wav */,
				7C21DC001E9B2FCA0068A413 /* 808k_d#.wav */,
				7C21DC011E9B2FCA0068A413 /* 808k_e-1.wav */,
				7C21DC021E9B2FCA0068A413 /* 808k_e.wav */,
				7C21DC031E9B2FCA0068A413 /* 808k_f-1.wav */,
				7C21DC041E9B2FCA0068A413 /* 808k_f.wav */,
				7C21DC051E9B2FCA0068A413 /* 808k_f#-1.wav */,
				7C21DC061E9B2FCA0068A413 /* 808k_f#.wav */,
				7C21DC071E9B2FCA0068A413 /* 808k_g-1.wav */,
				7C21DC081E9B2FCA0068A413 /* 808k_g.wav */,
				7C21DC091E9B2FCA0068A413 /* 808k_g#-1.wav */,
				7C21DC0A1E9B2FCA0068A413 /* 808k_g#.wav */,
			);
			name = audio;
			sourceTree = "<group>";
		};
		7C21DC261E9BEFD70068A413 /* Frameworks */ = {
			isa = PBXGroup;
			children = (
				7C21DC271E9BEFD80068A413 /* AVFoundation.framework */,
			);
			name = Frameworks;
			sourceTree = "<group>";
		};
		7C3C3EC61E99C8FD004C2FB9 = {
			isa = PBXGroup;
			children = (
				7C1691131E9C36AA00017CE4 /* AudioKit.framework */,
				7C3C3ED11E99C8FD004C2FB9 /* CarlokoZSounds */,
				7C3C3ED01E99C8FD004C2FB9 /* Products */,
				7C21DC261E9BEFD70068A413 /* Frameworks */,
			);
			sourceTree = "<group>";
		};
		7C3C3ED01E99C8FD004C2FB9 /* Products */ = {
			isa = PBXGroup;
			children = (
				7C3C3ECF1E99C8FD004C2FB9 /* CarlokoZSounds.app */,
			);
			name = Products;
			sourceTree = "<group>";
		};
		7C3C3ED11E99C8FD004C2FB9 /* CarlokoZSounds */ = {
			isa = PBXGroup;
			children = (
				7C21DBF11E9B2E3B0068A413 /* audio */,
				7C3C3EE61E99CF23004C2FB9 /* images */,
				7C3C3ED21E99C8FD004C2FB9 /* AppDelegate.swift */,
				7C3C3ED61E99C8FD004C2FB9 /* Main.storyboard */,
				7C463D6E1EA1BD73004C4A37 /* KeyboardController.swift */,
				7C3C3ED91E99C8FD004C2FB9 /* Assets.xcassets */,
				7C3C3EDB1E99C8FD004C2FB9 /* LaunchScreen.storyboard */,
				7C3C3EDE1E99C8FD004C2FB9 /* Info.plist */,
				7C3C3EE91E99D4CF004C2FB9 /* ButtonController.swift */,
				7C463D6A1EA1BB15004C4A37 /* Sound.swift */,
			);
			path = CarlokoZSounds;
			sourceTree = "<group>";
		};
		7C3C3EE61E99CF23004C2FB9 /* images */ = {
			isa = PBXGroup;
			children = (
				7C0CBC3E1EA6FE99003A6858 /* button_back.png */,
				7C3C3EEB1E99DE16004C2FB9 /* button_g.png */,
				7C3C3EEC1E99DE16004C2FB9 /* button_r.png */,
				7C3C3EED1E99DE16004C2FB9 /* button_y.png */,
				7C3C3EE71E99CF3C004C2FB9 /* button.png */,
			);
			name = images;
			sourceTree = "<group>";
		};
/* End PBXGroup section */

/* Begin PBXNativeTarget section */
		7C3C3ECE1E99C8FD004C2FB9 /* CarlokoZSounds */ = {
			isa = PBXNativeTarget;
			buildConfigurationList = 7C3C3EE11E99C8FD004C2FB9 /* Build configuration list for PBXNativeTarget "CarlokoZSounds" */;
			buildPhases = (
				7C3C3ECB1E99C8FD004C2FB9 /* Sources */,
				7C3C3ECC1E99C8FD004C2FB9 /* Frameworks */,
				7C3C3ECD1E99C8FD004C2FB9 /* Resources */,
				7C1691161E9C36AA00017CE4 /* Embed Frameworks */,
			);
			buildRules = (
			);
			dependencies = (
			);
			name = CarlokoZSounds;
			productName = CarlokoZSounds;
			productReference = 7C3C3ECF1E99C8FD004C2FB9 /* CarlokoZSounds.app */;
			productType = "com.apple.product-type.application";
		};
/* End PBXNativeTarget section */

/* Begin PBXProject section */
		7C3C3EC71E99C8FD004C2FB9 /* Project object */ = {
			isa = PBXProject;
			attributes = {
				LastSwiftUpdateCheck = 0830;
				LastUpgradeCheck = 0830;
				ORGANIZATIONNAME = "Carlos Rado";
				TargetAttributes = {
					7C3C3ECE1E99C8FD004C2FB9 = {
						CreatedOnToolsVersion = 8.3;
						DevelopmentTeam = 6996Y7473C;
						ProvisioningStyle = Automatic;
					};
				};
			};
			buildConfigurationList = 7C3C3ECA1E99C8FD004C2FB9 /* Build configuration list for PBXProject "CarlokoZSounds" */;
			compatibilityVersion = "Xcode 3.2";
			developmentRegion = English;
			hasScannedForEncodings = 0;
			knownRegions = (
				en,
				Base,
			);
			mainGroup = 7C3C3EC61E99C8FD004C2FB9;
			productRefGroup = 7C3C3ED01E99C8FD004C2FB9 /* Products */;
			projectDirPath = "";
			projectRoot = "";
			targets = (
				7C3C3ECE1E99C8FD004C2FB9 /* CarlokoZSounds */,
			);
		};
/* End PBXProject section */

/* Begin PBXResourcesBuildPhase section */
		7C3C3ECD1E99C8FD004C2FB9 /* Resources */ = {
			isa = PBXResourcesBuildPhase;
			buildActionMask = 2147483647;
			files = (
				7C21DC1E1E9B2FCA0068A413 /* 808k_f.wav in Resources */,
				7C21DC181E9B2FCA0068A413 /* 808k_d.wav in Resources */,
				7C21DC191E9B2FCA0068A413 /* 808k_d#-1.wav in Resources */,
				7C16911B1E9C493C00017CE4 /* marimba_c.wav in Resources */,
				7C21DC1A1E9B2FCA0068A413 /* 808k_d#.wav in Resources */,
				7C21DC211E9B2FCA0068A413 /* 808k_g-1.wav in Resources */,
				7C21DC231E9B2FCA0068A413 /* 808k_g#-1.wav in Resources */,
				7C21DC151E9B2FCA0068A413 /* 808k_c#.wav in Resources */,
				7C3C3EEF1E99DE16004C2FB9 /* button_r.png in Resources */,
				7C21DC1C1E9B2FCA0068A413 /* 808k_e.wav in Resources */,
				7C21DC1D1E9B2FCA0068A413 /* 808k_f-1.wav in Resources */,
				7C21DC0C1E9B2FCA0068A413 /* 808k_a-1.wav in Resources */,
				7C3C3EEE1E99DE16004C2FB9 /* button_g.png in Resources */,
				7C21DC201E9B2FCA0068A413 /* 808k_f#.wav in Resources */,
				7C21DC0E1E9B2FCA0068A413 /* 808k_a#-1.wav in Resources */,
				7C21DC0F1E9B2FCA0068A413 /* 808k_a#.wav in Resources */,
				7C21DC0D1E9B2FCA0068A413 /* 808k_a.wav in Resources */,
				7C21DC221E9B2FCA0068A413 /* 808k_g.wav in Resources */,
				7C21DC161E9B2FCA0068A413 /* 808k_c+1.wav in Resources */,
				7C3C3EF01E99DE16004C2FB9 /* button_y.png in Resources */,
				7C0CBC3F1EA6FE99003A6858 /* button_back.png in Resources */,
				7C21DC1F1E9B2FCA0068A413 /* 808k_f#-1.wav in Resources */,
				7C21DC141E9B2FCA0068A413 /* 808k_c#-1.wav in Resources */,
				7C3C3EDD1E99C8FD004C2FB9 /* LaunchScreen.storyboard in Resources */,
				7C3C3EE81E99CF3C004C2FB9 /* button.png in Resources */,
				7C21DC171E9B2FCA0068A413 /* 808k_d-1.wav in Resources */,
				7C21DC1B1E9B2FCA0068A413 /* 808k_e-1.wav in Resources */,
				7C3C3EDA1E99C8FD004C2FB9 /* Assets.xcassets in Resources */,
				7C21DC131E9B2FCA0068A413 /* 808k_c.wav in Resources */,
				7C21DC241E9B2FCA0068A413 /* 808k_g#.wav in Resources */,
				7C21DC101E9B2FCA0068A413 /* 808k_b-1.wav in Resources */,
				7C21DC111E9B2FCA0068A413 /* 808k_b.wav in Resources */,
				7C3C3ED81E99C8FD004C2FB9 /* Main.storyboard in Resources */,
				7C21DC121E9B2FCA0068A413 /* 808k_c-1.wav in Resources */,
			);
			runOnlyForDeploymentPostprocessing = 0;
		};
/* End PBXResourcesBuildPhase section */

/* Begin PBXSourcesBuildPhase section */
		7C3C3ECB1E99C8FD004C2FB9 /* Sources */ = {
			isa = PBXSourcesBuildPhase;
			buildActionMask = 2147483647;
			files = (
				7C463D6F1EA1BD73004C4A37 /* KeyboardController.swift in Sources */,
				7C3C3EEA1E99D4CF004C2FB9 /* ButtonController.swift in Sources */,
				7C463D6B1EA1BB15004C4A37 /* Sound.swift in Sources */,
				7C3C3ED31E99C8FD004C2FB9 /* AppDelegate.swift in Sources */,
			);
			runOnlyForDeploymentPostprocessing = 0;
		};
/* End PBXSourcesBuildPhase section */

/* Begin PBXVariantGroup section */
		7C3C3ED61E99C8FD004C2FB9 /* Main.storyboard */ = {
			isa = PBXVariantGroup;
			children = (
				7C3C3ED71E99C8FD004C2FB9 /* Base */,
			);
			name = Main.storyboard;
			sourceTree = "<group>";
		};
		7C3C3EDB1E99C8FD004C2FB9 /* LaunchScreen.storyboard */ = {
			isa = PBXVariantGroup;
			children = (
				7C3C3EDC1E99C8FD004C2FB9 /* Base */,
			);
			name = LaunchScreen.storyboard;
			sourceTree = "<group>";
		};
/* End PBXVariantGroup section */

/* Begin XCBuildConfiguration section */
		7C3C3EDF1E99C8FD004C2FB9 /* Debug */ = {
			isa = XCBuildConfiguration;
			buildSettings = {
				ALWAYS_SEARCH_USER_PATHS = NO;
				CLANG_ANALYZER_NONNULL = YES;
				CLANG_ANALYZER_NUMBER_OBJECT_CONVERSION = YES_AGGRESSIVE;
				CLANG_CXX_LANGUAGE_STANDARD = "gnu++0x";
				CLANG_CXX_LIBRARY = "libc++";
				CLANG_ENABLE_MODULES = YES;
				CLANG_ENABLE_OBJC_ARC = YES;
				CLANG_WARN_BOOL_CONVERSION = YES;
				CLANG_WARN_CONSTANT_CONVERSION = YES;
				CLANG_WARN_DIRECT_OBJC_ISA_USAGE = YES_ERROR;
				CLANG_WARN_DOCUMENTATION_COMMENTS = YES;
				CLANG_WARN_EMPTY_BODY = YES;
				CLANG_WARN_ENUM_CONVERSION = YES;
				CLANG_WARN_INFINITE_RECURSION = YES;
				CLANG_WARN_INT_CONVERSION = YES;
				CLANG_WARN_OBJC_ROOT_CLASS = YES_ERROR;
				CLANG_WARN_SUSPICIOUS_MOVE = YES;
				CLANG_WARN_UNREACHABLE_CODE = YES;
				CLANG_WARN__DUPLICATE_METHOD_MATCH = YES;
				"CODE_SIGN_IDENTITY[sdk=iphoneos*]" = "iPhone Developer";
				COPY_PHASE_STRIP = NO;
				DEBUG_INFORMATION_FORMAT = dwarf;
				ENABLE_STRICT_OBJC_MSGSEND = YES;
				ENABLE_TESTABILITY = YES;
				GCC_C_LANGUAGE_STANDARD = gnu99;
				GCC_DYNAMIC_NO_PIC = NO;
				GCC_NO_COMMON_BLOCKS = YES;
				GCC_OPTIMIZATION_LEVEL = 0;
				GCC_PREPROCESSOR_DEFINITIONS = (
					"DEBUG=1",
					"$(inherited)",
				);
				GCC_WARN_64_TO_32_BIT_CONVERSION = YES;
				GCC_WARN_ABOUT_RETURN_TYPE = YES_ERROR;
				GCC_WARN_UNDECLARED_SELECTOR = YES;
				GCC_WARN_UNINITIALIZED_AUTOS = YES_AGGRESSIVE;
				GCC_WARN_UNUSED_FUNCTION = YES;
				GCC_WARN_UNUSED_VARIABLE = YES;
				IPHONEOS_DEPLOYMENT_TARGET = 10.3;
				MTL_ENABLE_DEBUG_INFO = YES;
				ONLY_ACTIVE_ARCH = YES;
				SDKROOT = iphoneos;
				SWIFT_ACTIVE_COMPILATION_CONDITIONS = DEBUG;
				SWIFT_OPTIMIZATION_LEVEL = "-Onone";
			};
			name = Debug;
		};
		7C3C3EE01E99C8FD004C2FB9 /* Release */ = {
			isa = XCBuildConfiguration;
			buildSettings = {
				ALWAYS_SEARCH_USER_PATHS = NO;
				CLANG_ANALYZER_NONNULL = YES;
				CLANG_ANALYZER_NUMBER_OBJECT_CONVERSION = YES_AGGRESSIVE;
				CLANG_CXX_LANGUAGE_STANDARD = "gnu++0x";
				CLANG_CXX_LIBRARY = "libc++";
				CLANG_ENABLE_MODULES = YES;
				CLANG_ENABLE_OBJC_ARC = YES;
				CLANG_WARN_BOOL_CONVERSION = YES;
				CLANG_WARN_CONSTANT_CONVERSION = YES;
				CLANG_WARN_DIRECT_OBJC_ISA_USAGE = YES_ERROR;
				CLANG_WARN_DOCUMENTATION_COMMENTS = YES;
				CLANG_WARN_EMPTY_BODY = YES;
				CLANG_WARN_ENUM_CONVERSION = YES;
				CLANG_WARN_INFINITE_RECURSION = YES;
				CLANG_WARN_INT_CONVERSION = YES;
				CLANG_WARN_OBJC_ROOT_CLASS = YES_ERROR;
				CLANG_WARN_SUSPICIOUS_MOVE = YES;
				CLANG_WARN_UNREACHABLE_CODE = YES;
				CLANG_WARN__DUPLICATE_METHOD_MATCH = YES;
				"CODE_SIGN_IDENTITY[sdk=iphoneos*]" = "iPhone Developer";
				COPY_PHASE_STRIP = NO;
				DEBUG_INFORMATION_FORMAT = "dwarf-with-dsym";
				ENABLE_NS_ASSERTIONS = NO;
				ENABLE_STRICT_OBJC_MSGSEND = YES;
				GCC_C_LANGUAGE_STANDARD = gnu99;
				GCC_NO_COMMON_BLOCKS = YES;
				GCC_WARN_64_TO_32_BIT_CONVERSION = YES;
				GCC_WARN_ABOUT_RETURN_TYPE = YES_ERROR;
				GCC_WARN_UNDECLARED_SELECTOR = YES;
				GCC_WARN_UNINITIALIZED_AUTOS = YES_AGGRESSIVE;
				GCC_WARN_UNUSED_FUNCTION = YES;
				GCC_WARN_UNUSED_VARIABLE = YES;
				IPHONEOS_DEPLOYMENT_TARGET = 10.3;
				MTL_ENABLE_DEBUG_INFO = NO;
				SDKROOT = iphoneos;
				SWIFT_OPTIMIZATION_LEVEL = "-Owholemodule";
				VALIDATE_PRODUCT = YES;
			};
			name = Release;
		};
		7C3C3EE21E99C8FD004C2FB9 /* Debug */ = {
			isa = XCBuildConfiguration;
			buildSettings = {
				ASSETCATALOG_COMPILER_APPICON_NAME = AppIcon;
				DEVELOPMENT_TEAM = 6996Y7473C;
				FRAMEWORK_SEARCH_PATHS = (
					"$(inherited)",
					"$(PROJECT_DIR)/CarlokoZSounds",
				);
				INFOPLIST_FILE = CarlokoZSounds/Info.plist;
				LD_RUNPATH_SEARCH_PATHS = "$(inherited) @executable_path/Frameworks";
				PRODUCT_BUNDLE_IDENTIFIER = carlokoz.CarlokoZSounds;
				PRODUCT_NAME = "$(TARGET_NAME)";
				SWIFT_VERSION = 3.0;
			};
			name = Debug;
		};
		7C3C3EE31E99C8FD004C2FB9 /* Release */ = {
			isa = XCBuildConfiguration;
			buildSettings = {
				ASSETCATALOG_COMPILER_APPICON_NAME = AppIcon;
				DEVELOPMENT_TEAM = 6996Y7473C;
				FRAMEWORK_SEARCH_PATHS = (
					"$(inherited)",
					"$(PROJECT_DIR)/CarlokoZSounds",
				);
				INFOPLIST_FILE = CarlokoZSounds/Info.plist;
				LD_RUNPATH_SEARCH_PATHS = "$(inherited) @executable_path/Frameworks";
				PRODUCT_BUNDLE_IDENTIFIER = carlokoz.CarlokoZSounds;
				PRODUCT_NAME = "$(TARGET_NAME)";
				SWIFT_VERSION = 3.0;
			};
			name = Release;
		};
/* End XCBuildConfiguration section */

/* Begin XCConfigurationList section */
		7C3C3ECA1E99C8FD004C2FB9 /* Build configuration list for PBXProject "CarlokoZSounds" */ = {
			isa = XCConfigurationList;
			buildConfigurations = (
				7C3C3EDF1E99C8FD004C2FB9 /* Debug */,
				7C3C3EE01E99C8FD004C2FB9 /* Release */,
			);
			defaultConfigurationIsVisible = 0;
			defaultConfigurationName = Release;
		};
		7C3C3EE11E99C8FD004C2FB9 /* Build configuration list for PBXNativeTarget "CarlokoZSounds" */ = {
			isa = XCConfigurationList;
			buildConfigurations = (
				7C3C3EE21E99C8FD004C2FB9 /* Debug */,
				7C3C3EE31E99C8FD004C2FB9 /* Release */,
			);
			defaultConfigurationIsVisible = 0;
			defaultConfigurationName = Release;
		};
/* End XCConfigurationList section */
	};
	rootObject = 7C3C3EC71E99C8FD004C2FB9 /* Project object */;
}
